// !$*UTF8*$!
{
	archiveVersion = 1;
	classes = {
	};
	objectVersion = 50;
	objects = {

/* Begin PBXBuildFile section */
		A84F06A023EAAAA2002C32D7 /* BalanceViewController.swift in Sources */ = {isa = PBXBuildFile; fileRef = A84F069F23EAAAA2002C32D7 /* BalanceViewController.swift */; };
		A850D3BF23E7E53D0043CA85 /* AppDelegate.swift in Sources */ = {isa = PBXBuildFile; fileRef = A850D3BE23E7E53D0043CA85 /* AppDelegate.swift */; };
		A850D3C123E7E53D0043CA85 /* ViewController.swift in Sources */ = {isa = PBXBuildFile; fileRef = A850D3C023E7E53D0043CA85 /* ViewController.swift */; };
		A850D3C423E7E53D0043CA85 /* Main.storyboard in Resources */ = {isa = PBXBuildFile; fileRef = A850D3C223E7E53D0043CA85 /* Main.storyboard */; };
		A850D3C623E7E5430043CA85 /* Assets.xcassets in Resources */ = {isa = PBXBuildFile; fileRef = A850D3C523E7E5430043CA85 /* Assets.xcassets */; };
		A850D3C923E7E5430043CA85 /* LaunchScreen.storyboard in Resources */ = {isa = PBXBuildFile; fileRef = A850D3C723E7E5430043CA85 /* LaunchScreen.storyboard */; };
/* End PBXBuildFile section */

/* Begin PBXFileReference section */
		A84F069F23EAAAA2002C32D7 /* BalanceViewController.swift */ = {isa = PBXFileReference; lastKnownFileType = sourcecode.swift; path = BalanceViewController.swift; sourceTree = "<group>"; };
		A850D3BB23E7E53D0043CA85 /* MinimumuNoC(number of coins).app */ = {isa = PBXFileReference; explicitFileType = wrapper.application; includeInIndex = 0; path = "MinimumuNoC(number of coins).app"; sourceTree = BUILT_PRODUCTS_DIR; };
		A850D3BE23E7E53D0043CA85 /* AppDelegate.swift */ = {isa = PBXFileReference; lastKnownFileType = sourcecode.swift; path = AppDelegate.swift; sourceTree = "<group>"; };
		A850D3C023E7E53D0043CA85 /* ViewController.swift */ = {isa = PBXFileReference; lastKnownFileType = sourcecode.swift; path = ViewController.swift; sourceTree = "<group>"; };
		A850D3C323E7E53D0043CA85 /* Base */ = {isa = PBXFileReference; lastKnownFileType = file.storyboard; name = Base; path = Base.lproj/Main.storyboard; sourceTree = "<group>"; };
		A850D3C523E7E5430043CA85 /* Assets.xcassets */ = {isa = PBXFileReference; lastKnownFileType = folder.assetcatalog; path = Assets.xcassets; sourceTree = "<group>"; };
		A850D3C823E7E5430043CA85 /* Base */ = {isa = PBXFileReference; lastKnownFileType = file.storyboard; name = Base; path = Base.lproj/LaunchScreen.storyboard; sourceTree = "<group>"; };
		A850D3CA23E7E5430043CA85 /* Info.plist */ = {isa = PBXFileReference; lastKnownFileType = text.plist.xml; path = Info.plist; sourceTree = "<group>"; };
/* End PBXFileReference section */

/* Begin PBXFrameworksBuildPhase section */
		A850D3B823E7E53D0043CA85 /* Frameworks */ = {
			isa = PBXFrameworksBuildPhase;
			buildActionMask = 2147483647;
			files = (
			);
			runOnlyForDeploymentPostprocessing = 0;
		};
/* End PBXFrameworksBuildPhase section */

/* Begin PBXGroup section */
		A850D3B223E7E53D0043CA85 = {
			isa = PBXGroup;
			children = (
				A850D3BD23E7E53D0043CA85 /* MinimumuNoC(number of coins) */,
				A850D3BC23E7E53D0043CA85 /* Products */,
			);
			sourceTree = "<group>";
		};
		A850D3BC23E7E53D0043CA85 /* Products */ = {
			isa = PBXGroup;
			children = (
				A850D3BB23E7E53D0043CA85 /* MinimumuNoC(number of coins).app */,
			);
			name = Products;
			sourceTree = "<group>";
		};
		A850D3BD23E7E53D0043CA85 /* MinimumuNoC(number of coins) */ = {
			isa = PBXGroup;
			children = (
				A850D3BE23E7E53D0043CA85 /* AppDelegate.swift */,
				A850D3C023E7E53D0043CA85 /* ViewController.swift */,
				A850D3C223E7E53D0043CA85 /* Main.storyboard */,
				A850D3C523E7E5430043CA85 /* Assets.xcassets */,
				A84F069F23EAAAA2002C32D7 /* BalanceViewController.swift */,
				A850D3C723E7E5430043CA85 /* LaunchScreen.storyboard */,
				A850D3CA23E7E5430043CA85 /* Info.plist */,
			);
			path = "MinimumuNoC(number of coins)";
			sourceTree = "<group>";
		};
/* End PBXGroup section */

/* Begin PBXNativeTarget section */
		A850D3BA23E7E53D0043CA85 /* MinimumuNoC(number of coins) */ = {
			isa = PBXNativeTarget;
			buildConfigurationList = A850D3CD23E7E5430043CA85 /* Build configuration list for PBXNativeTarget "MinimumuNoC(number of coins)" */;
			buildPhases = (
				A850D3B723E7E53D0043CA85 /* Sources */,
				A850D3B823E7E53D0043CA85 /* Frameworks */,
				A850D3B923E7E53D0043CA85 /* Resources */,
			);
			buildRules = (
			);
			dependencies = (
			);
			name = "MinimumuNoC(number of coins)";
			productName = "MinimumuNoC(number of coins)";
			productReference = A850D3BB23E7E53D0043CA85 /* MinimumuNoC(number of coins).app */;
			productType = "com.apple.product-type.application";
		};
/* End PBXNativeTarget section */

/* Begin PBXProject section */
		A850D3B323E7E53D0043CA85 /* Project object */ = {
			isa = PBXProject;
			attributes = {
				LastSwiftUpdateCheck = 1020;
				LastUpgradeCheck = 1020;
				ORGANIZATIONNAME = "塩澤響";
				TargetAttributes = {
					A850D3BA23E7E53D0043CA85 = {
						CreatedOnToolsVersion = 10.2;
					};
				};
			};
			buildConfigurationList = A850D3B623E7E53D0043CA85 /* Build configuration list for PBXProject "MinimumuNoC(number of coins)" */;
			compatibilityVersion = "Xcode 9.3";
			developmentRegion = en;
			hasScannedForEncodings = 0;
			knownRegions = (
				en,
				Base,
			);
			mainGroup = A850D3B223E7E53D0043CA85;
			productRefGroup = A850D3BC23E7E53D0043CA85 /* Products */;
			projectDirPath = "";
			projectRoot = "";
			targets = (
				A850D3BA23E7E53D0043CA85 /* MinimumuNoC(number of coins) */,
			);
		};
/* End PBXProject section */

/* Begin PBXResourcesBuildPhase section */
		A850D3B923E7E53D0043CA85 /* Resources */ = {
			isa = PBXResourcesBuildPhase;
			buildActionMask = 2147483647;
			files = (
				A850D3C923E7E5430043CA85 /* LaunchScreen.storyboard in Resources */,
				A850D3C623E7E5430043CA85 /* Assets.xcassets in Resources */,
				A850D3C423E7E53D0043CA85 /* Main.storyboard in Resources */,
			);
			runOnlyForDeploymentPostprocessing = 0;
		};
/* End PBXResourcesBuildPhase section */

/* Begin PBXSourcesBuildPhase section */
		A850D3B723E7E53D0043CA85 /* Sources */ = {
			isa = PBXSourcesBuildPhase;
			buildActionMask = 2147483647;
			files = (
				A84F06A023EAAAA2002C32D7 /* BalanceViewController.swift in Sources */,
				A850D3C123E7E53D0043CA85 /* ViewController.swift in Sources */,
				A850D3BF23E7E53D0043CA85 /* AppDelegate.swift in Sources */,
			);
			runOnlyForDeploymentPostprocessing = 0;
		};
/* End PBXSourcesBuildPhase section */

/* Begin PBXVariantGroup section */
		A850D3C223E7E53D0043CA85 /* Main.storyboard */ = {
			isa = PBXVariantGroup;
			children = (
				A850D3C323E7E53D0043CA85 /* Base */,
			);
			name = Main.storyboard;
			sourceTree = "<group>";
		};
		A850D3C723E7E5430043CA85 /* LaunchScreen.storyboard */ = {
			isa = PBXVariantGroup;
			children = (
				A850D3C823E7E5430043CA85 /* Base */,
			);
			name = LaunchScreen.storyboard;
			sourceTree = "<group>";
		};
/* End PBXVariantGroup section */

/* Begin XCBuildConfiguration section */
		A850D3CB23E7E5430043CA85 /* Debug */ = {
			isa = XCBuildConfiguration;
			buildSettings = {
				ALWAYS_SEARCH_USER_PATHS = NO;
				CLANG_ANALYZER_NONNULL = YES;
				CLANG_ANALYZER_NUMBER_OBJECT_CONVERSION = YES_AGGRESSIVE;
				CLANG_CXX_LANGUAGE_STANDARD = "gnu++14";
				CLANG_CXX_LIBRARY = "libc++";
				CLANG_ENABLE_MODULES = YES;
				CLANG_ENABLE_OBJC_ARC = YES;
				CLANG_ENABLE_OBJC_WEAK = YES;
				CLANG_WARN_BLOCK_CAPTURE_AUTORELEASING = YES;
				CLANG_WARN_BOOL_CONVERSION = YES;
				CLANG_WARN_COMMA = YES;
				CLANG_WARN_CONSTANT_CONVERSION = YES;
				CLANG_WARN_DEPRECATED_OBJC_IMPLEMENTATIONS = YES;
				CLANG_WARN_DIRECT_OBJC_ISA_USAGE = YES_ERROR;
				CLANG_WARN_DOCUMENTATION_COMMENTS = YES;
				CLANG_WARN_EMPTY_BODY = YES;
				CLANG_WARN_ENUM_CONVERSION = YES;
				CLANG_WARN_INFINITE_RECURSION = YES;
				CLANG_WARN_INT_CONVERSION = YES;
				CLANG_WARN_NON_LITERAL_NULL_CONVERSION = YES;
				CLANG_WARN_OBJC_IMPLICIT_RETAIN_SELF = YES;
				CLANG_WARN_OBJC_LITERAL_CONVERSION = YES;
				CLANG_WARN_OBJC_ROOT_CLASS = YES_ERROR;
				CLANG_WARN_RANGE_LOOP_ANALYSIS = YES;
				CLANG_WARN_STRICT_PROTOTYPES = YES;
				CLANG_WARN_SUSPICIOUS_MOVE = YES;
				CLANG_WARN_UNGUARDED_AVAILABILITY = YES_AGGRESSIVE;
				CLANG_WARN_UNREACHABLE_CODE = YES;
				CLANG_WARN__DUPLICATE_METHOD_MATCH = YES;
				CODE_SIGN_IDENTITY = "iPhone Developer";
				COPY_PHASE_STRIP = NO;
				DEBUG_INFORMATION_FORMAT = dwarf;
				ENABLE_STRICT_OBJC_MSGSEND = YES;
				ENABLE_TESTABILITY = YES;
				GCC_C_LANGUAGE_STANDARD = gnu11;
				GCC_DYNAMIC_NO_PIC = NO;
				GCC_NO_COMMON_BLOCKS = YES;
				GCC_OPTIMIZATION_LEVEL = 0;
				GCC_PREPROCESSOR_DEFINITIONS = (
					"DEBUG=1",
					"$(inherited)",
				);
				GCC_WARN_64_TO_32_BIT_CONVERSION = YES;
				GCC_WARN_ABOUT_RETURN_TYPE = YES_ERROR;
				GCC_WARN_UNDECLARED_SELECTOR = YES;
				GCC_WARN_UNINITIALIZED_AUTOS = YES_AGGRESSIVE;
				GCC_WARN_UNUSED_FUNCTION = YES;
				GCC_WARN_UNUSED_VARIABLE = YES;
				IPHONEOS_DEPLOYMENT_TARGET = 12.2;
				MTL_ENABLE_DEBUG_INFO = INCLUDE_SOURCE;
				MTL_FAST_MATH = YES;
				ONLY_ACTIVE_ARCH = YES;
				SDKROOT = iphoneos;
				SWIFT_ACTIVE_COMPILATION_CONDITIONS = DEBUG;
				SWIFT_OPTIMIZATION_LEVEL = "-Onone";
			};
			name = Debug;
		};
		A850D3CC23E7E5430043CA85 /* Release */ = {
			isa = XCBuildConfiguration;
			buildSettings = {
				ALWAYS_SEARCH_USER_PATHS = NO;
				CLANG_ANALYZER_NONNULL = YES;
				CLANG_ANALYZER_NUMBER_OBJECT_CONVERSION = YES_AGGRESSIVE;
				CLANG_CXX_LANGUAGE_STANDARD = "gnu++14";
				CLANG_CXX_LIBRARY = "libc++";
				CLANG_ENABLE_MODULES = YES;
				CLANG_ENABLE_OBJC_ARC = YES;
				CLANG_ENABLE_OBJC_WEAK = YES;
				CLANG_WARN_BLOCK_CAPTURE_AUTORELEASING = YES;
				CLANG_WARN_BOOL_CONVERSION = YES;
				CLANG_WARN_COMMA = YES;
				CLANG_WARN_CONSTANT_CONVERSION = YES;
				CLANG_WARN_DEPRECATED_OBJC_IMPLEMENTATIONS = YES;
				CLANG_WARN_DIRECT_OBJC_ISA_USAGE = YES_ERROR;
				CLANG_WARN_DOCUMENTATION_COMMENTS = YES;
				CLANG_WARN_EMPTY_BODY = YES;
				CLANG_WARN_ENUM_CONVERSION = YES;
				CLANG_WARN_INFINITE_RECURSION = YES;
				CLANG_WARN_INT_CONVERSION = YES;
				CLANG_WARN_NON_LITERAL_NULL_CONVERSION = YES;
				CLANG_WARN_OBJC_IMPLICIT_RETAIN_SELF = YES;
				CLANG_WARN_OBJC_LITERAL_CONVERSION = YES;
				CLANG_WARN_OBJC_ROOT_CLASS = YES_ERROR;
				CLANG_WARN_RANGE_LOOP_ANALYSIS = YES;
				CLANG_WARN_STRICT_PROTOTYPES = YES;
				CLANG_WARN_SUSPICIOUS_MOVE = YES;
				CLANG_WARN_UNGUARDED_AVAILABILITY = YES_AGGRESSIVE;
				CLANG_WARN_UNREACHABLE_CODE = YES;
				CLANG_WARN__DUPLICATE_METHOD_MATCH = YES;
				CODE_SIGN_IDENTITY = "iPhone Developer";
				COPY_PHASE_STRIP = NO;
				DEBUG_INFORMATION_FORMAT = "dwarf-with-dsym";
				ENABLE_NS_ASSERTIONS = NO;
				ENABLE_STRICT_OBJC_MSGSEND = YES;
				GCC_C_LANGUAGE_STANDARD = gnu11;
				GCC_NO_COMMON_BLOCKS = YES;
				GCC_WARN_64_TO_32_BIT_CONVERSION = YES;
				GCC_WARN_ABOUT_RETURN_TYPE = YES_ERROR;
				GCC_WARN_UNDECLARED_SELECTOR = YES;
				GCC_WARN_UNINITIALIZED_AUTOS = YES_AGGRESSIVE;
				GCC_WARN_UNUSED_FUNCTION = YES;
				GCC_WARN_UNUSED_VARIABLE = YES;
				IPHONEOS_DEPLOYMENT_TARGET = 12.2;
				MTL_ENABLE_DEBUG_INFO = NO;
				MTL_FAST_MATH = YES;
				SDKROOT = iphoneos;
				SWIFT_COMPILATION_MODE = wholemodule;
				SWIFT_OPTIMIZATION_LEVEL = "-O";
				VALIDATE_PRODUCT = YES;
			};
			name = Release;
		};
		A850D3CE23E7E5430043CA85 /* Debug */ = {
			isa = XCBuildConfiguration;
			buildSettings = {
				ASSETCATALOG_COMPILER_APPICON_NAME = AppIcon;
				CODE_SIGN_STYLE = Automatic;
				DEVELOPMENT_TEAM = 59HC8WP97A;
				INFOPLIST_FILE = "MinimumuNoC(number of coins)/Info.plist";
				IPHONEOS_DEPLOYMENT_TARGET = 12.2;
				LD_RUNPATH_SEARCH_PATHS = (
					"$(inherited)",
					"@executable_path/Frameworks",
				);
				PRODUCT_BUNDLE_IDENTIFIER = "com.example.MinimumuNoC-number-of-coins-";
				PRODUCT_NAME = "$(TARGET_NAME)";
				SWIFT_VERSION = 5.0;
				TARGETED_DEVICE_FAMILY = "1,2";
			};
			name = Debug;
		};
		A850D3CF23E7E5430043CA85 /* Release */ = {
			isa = XCBuildConfiguration;
			buildSettings = {
				ASSETCATALOG_COMPILER_APPICON_NAME = AppIcon;
				CODE_SIGN_STYLE = Automatic;
				DEVELOPMENT_TEAM = 59HC8WP97A;
				INFOPLIST_FILE = "MinimumuNoC(number of coins)/Info.plist";
				IPHONEOS_DEPLOYMENT_TARGET = 12.2;
				LD_RUNPATH_SEARCH_PATHS = (
					"$(inherited)",
					"@executable_path/Frameworks",
				);
				PRODUCT_BUNDLE_IDENTIFIER = "com.example.MinimumuNoC-number-of-coins-";
				PRODUCT_NAME = "$(TARGET_NAME)";
				SWIFT_VERSION = 5.0;
				TARGETED_DEVICE_FAMILY = "1,2";
			};
			name = Release;
		};
/* End XCBuildConfiguration section */

/* Begin XCConfigurationList section */
		A850D3B623E7E53D0043CA85 /* Build configuration list for PBXProject "MinimumuNoC(number of coins)" */ = {
			isa = XCConfigurationList;
			buildConfigurations = (
				A850D3CB23E7E5430043CA85 /* Debug */,
				A850D3CC23E7E5430043CA85 /* Release */,
			);
			defaultConfigurationIsVisible = 0;
			defaultConfigurationName = Release;
		};
		A850D3CD23E7E5430043CA85 /* Build configuration list for PBXNativeTarget "MinimumuNoC(number of coins)" */ = {
			isa = XCConfigurationList;
			buildConfigurations = (
				A850D3CE23E7E5430043CA85 /* Debug */,
				A850D3CF23E7E5430043CA85 /* Release */,
			);
			defaultConfigurationIsVisible = 0;
			defaultConfigurationName = Release;
		};
/* End XCConfigurationList section */
	};
	rootObject = A850D3B323E7E53D0043CA85 /* Project object */;
}
